{
  "requires": true,
  "lockfileVersion": 1,
  "dependencies": {
    "ngx-filter-pipe": {
      "version": "2.1.2",
      "resolved": "https://registry.npmjs.org/ngx-filter-pipe/-/ngx-filter-pipe-2.1.2.tgz",
      "integrity": "sha512-YEXvjEw+Mpg5jL+yqSnFWKiY0P9XtRAJ2Dk3n9sC4stnsuhPzPRwIkF58aBvqYfoi3vrb7KQFImgbmfFAQqnFw==",
      "requires": {
        "tslib": "^1.7.1"
      }
    },
    "tslib": {
      "version": "1.9.3",
      "resolved": "https://registry.npmjs.org/tslib/-/tslib-1.9.3.tgz",
      "integrity": "sha512-4krF8scpejhaOgqzBEcGM7yDIEfi0/8+8zDRZhNZZ2kjmHJ4hv3zCbQWxoJGz1iw5U0Jl0nma13xzHXcncMavQ=="
    }
  }
}
